<?xml version="1.0" encoding="UTF-8"?>
<!DOCTYPE plist PUBLIC "-//Apple//DTD PLIST 1.0//EN" "http://www.apple.com/DTDs/PropertyList-1.0.dtd">
<plist version="1.0">
<dict>
	<key>archiveVersion</key>
	<string>1</string>
	<key>classes</key>
	<dict/>
	<key>objectVersion</key>
	<string>46</string>
	<key>objects</key>
	<dict>
		<key>1019A5D92F994DF59D182BEE</key>
		<dict>
			<key>explicitFileType</key>
			<string>archive.ar</string>
			<key>includeInIndex</key>
			<string>0</string>
			<key>isa</key>
			<string>PBXFileReference</string>
			<key>path</key>
			<string>libPods-GCMAggregatingTableViewDataSourceTests.a</string>
			<key>sourceTree</key>
			<string>BUILT_PRODUCTS_DIR</string>
		</dict>
		<key>21CFA1D275F1AB04F6DC8F67</key>
		<dict>
			<key>includeInIndex</key>
			<string>1</string>
			<key>isa</key>
			<string>PBXFileReference</string>
			<key>lastKnownFileType</key>
			<string>text.xcconfig</string>
			<key>name</key>
			<string>Pods-GCMAggregatingTableViewDataSourceTests.release.xcconfig</string>
			<key>path</key>
			<string>../Pods/Target Support Files/Pods-GCMAggregatingTableViewDataSourceTests/Pods-GCMAggregatingTableViewDataSourceTests.release.xcconfig</string>
			<key>sourceTree</key>
			<string>&lt;group&gt;</string>
		</dict>
		<key>41A9D8F3B1AD4030A27D0B77</key>
		<dict>
			<key>buildActionMask</key>
			<string>2147483647</string>
			<key>files</key>
			<array/>
			<key>inputPaths</key>
			<array/>
			<key>isa</key>
			<string>PBXShellScriptBuildPhase</string>
			<key>name</key>
			<string>Copy Pods Resources</string>
			<key>outputPaths</key>
			<array/>
			<key>runOnlyForDeploymentPostprocessing</key>
			<string>0</string>
			<key>shellPath</key>
			<string>/bin/sh</string>
			<key>shellScript</key>
			<string>"${SRCROOT}/../Pods/Target Support Files/Pods-GCMAggregatingTableViewDataSourceTests/Pods-GCMAggregatingTableViewDataSourceTests-resources.sh"
</string>
			<key>showEnvVarsInLog</key>
			<string>0</string>
		</dict>
		<key>5601E5B23EBE4044A9E10CBD</key>
		<dict>
			<key>buildActionMask</key>
			<string>2147483647</string>
			<key>files</key>
			<array/>
			<key>inputPaths</key>
			<array/>
			<key>isa</key>
			<string>PBXShellScriptBuildPhase</string>
			<key>name</key>
			<string>Check Pods Manifest.lock</string>
			<key>outputPaths</key>
			<array/>
			<key>runOnlyForDeploymentPostprocessing</key>
			<string>0</string>
			<key>shellPath</key>
			<string>/bin/sh</string>
			<key>shellScript</key>
			<string>diff "${PODS_ROOT}/../Podfile.lock" "${PODS_ROOT}/Manifest.lock" &gt; /dev/null
if [[ $? != 0 ]] ; then
    cat &lt;&lt; EOM
error: The sandbox is not in sync with the Podfile.lock. Run 'pod install' or update your CocoaPods installation.
EOM
    exit 1
fi
</string>
			<key>showEnvVarsInLog</key>
			<string>0</string>
		</dict>
		<key>62335DDB18463E570053BD19</key>
		<dict>
			<key>children</key>
			<array>
				<string>62335DE918463E570053BD19</string>
				<string>62335E1618463F1D0053BD19</string>
				<string>62335DE618463E570053BD19</string>
				<string>62335DE518463E570053BD19</string>
				<string>F6105E2FFFBB1F4CD1519FED</string>
			</array>
			<key>indentWidth</key>
			<string>2</string>
			<key>isa</key>
			<string>PBXGroup</string>
			<key>sourceTree</key>
			<string>&lt;group&gt;</string>
			<key>tabWidth</key>
			<string>2</string>
		</dict>
		<key>62335DDC18463E570053BD19</key>
		<dict>
			<key>attributes</key>
			<dict>
				<key>LastUpgradeCheck</key>
				<string>0500</string>
				<key>ORGANIZATIONNAME</key>
				<string>GameChanger</string>
				<key>TargetAttributes</key>
				<dict>
					<key>62335E1018463F1D0053BD19</key>
					<dict>
						<key>TestTargetID</key>
						<string>62335DE318463E570053BD19</string>
					</dict>
				</dict>
			</dict>
			<key>buildConfigurationList</key>
			<string>62335DDF18463E570053BD19</string>
			<key>compatibilityVersion</key>
			<string>Xcode 3.2</string>
			<key>developmentRegion</key>
			<string>English</string>
			<key>hasScannedForEncodings</key>
			<string>0</string>
			<key>isa</key>
			<string>PBXProject</string>
			<key>knownRegions</key>
			<array>
				<string>en</string>
			</array>
			<key>mainGroup</key>
			<string>62335DDB18463E570053BD19</string>
			<key>productRefGroup</key>
			<string>62335DE518463E570053BD19</string>
			<key>projectDirPath</key>
			<string></string>
			<key>projectReferences</key>
			<array/>
			<key>projectRoot</key>
			<string></string>
			<key>targets</key>
			<array>
				<string>62335DE318463E570053BD19</string>
				<string>62335E1018463F1D0053BD19</string>
			</array>
		</dict>
		<key>62335DDF18463E570053BD19</key>
		<dict>
			<key>buildConfigurations</key>
			<array>
				<string>62335E0518463E570053BD19</string>
				<string>62335E0618463E570053BD19</string>
			</array>
			<key>defaultConfigurationIsVisible</key>
			<string>0</string>
			<key>defaultConfigurationName</key>
			<string>Release</string>
			<key>isa</key>
			<string>XCConfigurationList</string>
		</dict>
		<key>62335DE018463E570053BD19</key>
		<dict>
			<key>buildActionMask</key>
			<string>2147483647</string>
			<key>files</key>
			<array>
				<string>AB8EB94E1868ABC200A3F6B6</string>
				<string>AB8EB94F1868ABC200A3F6B6</string>
			</array>
			<key>isa</key>
			<string>PBXSourcesBuildPhase</string>
			<key>runOnlyForDeploymentPostprocessing</key>
			<string>0</string>
		</dict>
		<key>62335DE118463E570053BD19</key>
		<dict>
			<key>buildActionMask</key>
			<string>2147483647</string>
			<key>files</key>
			<array>
				<string>62335DE818463E570053BD19</string>
			</array>
			<key>isa</key>
			<string>PBXFrameworksBuildPhase</string>
			<key>runOnlyForDeploymentPostprocessing</key>
			<string>0</string>
		</dict>
		<key>62335DE218463E570053BD19</key>
		<dict>
			<key>buildActionMask</key>
			<string>2147483647</string>
			<key>dstPath</key>
			<string>include/$(PRODUCT_NAME)</string>
			<key>dstSubfolderSpec</key>
			<string>16</string>
			<key>files</key>
			<array/>
			<key>isa</key>
			<string>PBXCopyFilesBuildPhase</string>
			<key>runOnlyForDeploymentPostprocessing</key>
			<string>0</string>
		</dict>
		<key>62335DE318463E570053BD19</key>
		<dict>
			<key>buildConfigurationList</key>
			<string>62335E0718463E570053BD19</string>
			<key>buildPhases</key>
			<array>
				<string>62335DE018463E570053BD19</string>
				<string>62335DE118463E570053BD19</string>
				<string>62335DE218463E570053BD19</string>
			</array>
			<key>buildRules</key>
			<array/>
			<key>dependencies</key>
			<array/>
			<key>isa</key>
			<string>PBXNativeTarget</string>
			<key>name</key>
			<string>GCMAggregatingTableViewDataSource</string>
			<key>productName</key>
			<string>GCMAggregatingTableViewDataSource</string>
			<key>productReference</key>
			<string>62335DE418463E570053BD19</string>
			<key>productType</key>
			<string>com.apple.product-type.library.static</string>
		</dict>
		<key>62335DE418463E570053BD19</key>
		<dict>
			<key>explicitFileType</key>
			<string>archive.ar</string>
			<key>includeInIndex</key>
			<string>0</string>
			<key>isa</key>
			<string>PBXFileReference</string>
			<key>path</key>
			<string>libGCMAggregatingTableViewDataSource.a</string>
			<key>sourceTree</key>
			<string>BUILT_PRODUCTS_DIR</string>
		</dict>
		<key>62335DE518463E570053BD19</key>
		<dict>
			<key>children</key>
			<array>
				<string>62335DE418463E570053BD19</string>
				<string>62335E1118463F1D0053BD19</string>
			</array>
			<key>isa</key>
			<string>PBXGroup</string>
			<key>name</key>
			<string>Products</string>
			<key>sourceTree</key>
			<string>&lt;group&gt;</string>
		</dict>
		<key>62335DE618463E570053BD19</key>
		<dict>
			<key>children</key>
			<array>
				<string>62335DE718463E570053BD19</string>
				<string>62335DF518463E570053BD19</string>
				<string>62335DF818463E570053BD19</string>
				<string>1019A5D92F994DF59D182BEE</string>
			</array>
			<key>isa</key>
			<string>PBXGroup</string>
			<key>name</key>
			<string>Frameworks</string>
			<key>sourceTree</key>
			<string>&lt;group&gt;</string>
		</dict>
		<key>62335DE718463E570053BD19</key>
		<dict>
			<key>isa</key>
			<string>PBXFileReference</string>
			<key>lastKnownFileType</key>
			<string>wrapper.framework</string>
			<key>name</key>
			<string>Foundation.framework</string>
			<key>path</key>
			<string>System/Library/Frameworks/Foundation.framework</string>
			<key>sourceTree</key>
			<string>SDKROOT</string>
		</dict>
		<key>62335DE818463E570053BD19</key>
		<dict>
			<key>fileRef</key>
			<string>62335DE718463E570053BD19</string>
			<key>isa</key>
			<string>PBXBuildFile</string>
		</dict>
		<key>62335DE918463E570053BD19</key>
		<dict>
			<key>children</key>
			<array>
				<string>AB8EB94A1868ABC200A3F6B6</string>
				<string>AB8EB94B1868ABC200A3F6B6</string>
				<string>AB8EB94C1868ABC200A3F6B6</string>
				<string>AB8EB94D1868ABC200A3F6B6</string>
				<string>62335DEA18463E570053BD19</string>
			</array>
			<key>isa</key>
			<string>PBXGroup</string>
			<key>path</key>
			<string>GCMAggregatingTableViewDataSource</string>
			<key>sourceTree</key>
			<string>&lt;group&gt;</string>
		</dict>
		<key>62335DEA18463E570053BD19</key>
		<dict>
			<key>children</key>
			<array>
				<string>62335DEB18463E570053BD19</string>
			</array>
			<key>isa</key>
			<string>PBXGroup</string>
			<key>name</key>
			<string>Supporting Files</string>
			<key>sourceTree</key>
			<string>&lt;group&gt;</string>
		</dict>
		<key>62335DEB18463E570053BD19</key>
		<dict>
			<key>isa</key>
			<string>PBXFileReference</string>
			<key>lastKnownFileType</key>
			<string>sourcecode.c.h</string>
			<key>path</key>
			<string>GCMAggregatingTableViewDataSource-Prefix.pch</string>
			<key>sourceTree</key>
			<string>&lt;group&gt;</string>
		</dict>
		<key>62335DF518463E570053BD19</key>
		<dict>
			<key>isa</key>
			<string>PBXFileReference</string>
			<key>lastKnownFileType</key>
			<string>wrapper.framework</string>
			<key>name</key>
			<string>XCTest.framework</string>
			<key>path</key>
			<string>Library/Frameworks/XCTest.framework</string>
			<key>sourceTree</key>
			<string>DEVELOPER_DIR</string>
		</dict>
		<key>62335DF818463E570053BD19</key>
		<dict>
			<key>isa</key>
			<string>PBXFileReference</string>
			<key>lastKnownFileType</key>
			<string>wrapper.framework</string>
			<key>name</key>
			<string>UIKit.framework</string>
			<key>path</key>
			<string>Library/Frameworks/UIKit.framework</string>
			<key>sourceTree</key>
			<string>DEVELOPER_DIR</string>
		</dict>
		<key>62335E0518463E570053BD19</key>
		<dict>
			<key>buildSettings</key>
			<dict>
				<key>ALWAYS_SEARCH_USER_PATHS</key>
				<string>NO</string>
				<key>ARCHS</key>
				<string>$(ARCHS_STANDARD_INCLUDING_64_BIT)</string>
				<key>CLANG_CXX_LANGUAGE_STANDARD</key>
				<string>gnu++0x</string>
				<key>CLANG_CXX_LIBRARY</key>
				<string>libc++</string>
				<key>CLANG_ENABLE_MODULES</key>
				<string>YES</string>
				<key>CLANG_ENABLE_OBJC_ARC</key>
				<string>YES</string>
				<key>CLANG_WARN_BOOL_CONVERSION</key>
				<string>YES</string>
				<key>CLANG_WARN_CONSTANT_CONVERSION</key>
				<string>YES</string>
				<key>CLANG_WARN_DIRECT_OBJC_ISA_USAGE</key>
				<string>YES_ERROR</string>
				<key>CLANG_WARN_EMPTY_BODY</key>
				<string>YES</string>
				<key>CLANG_WARN_ENUM_CONVERSION</key>
				<string>YES</string>
				<key>CLANG_WARN_INT_CONVERSION</key>
				<string>YES</string>
				<key>CLANG_WARN_OBJC_ROOT_CLASS</key>
				<string>YES_ERROR</string>
				<key>CLANG_WARN__DUPLICATE_METHOD_MATCH</key>
				<string>YES</string>
				<key>COPY_PHASE_STRIP</key>
				<string>NO</string>
				<key>GCC_C_LANGUAGE_STANDARD</key>
				<string>gnu99</string>
				<key>GCC_DYNAMIC_NO_PIC</key>
				<string>NO</string>
				<key>GCC_OPTIMIZATION_LEVEL</key>
				<string>0</string>
				<key>GCC_PREPROCESSOR_DEFINITIONS</key>
				<array>
					<string>DEBUG=1</string>
					<string>$(inherited)</string>
				</array>
				<key>GCC_SYMBOLS_PRIVATE_EXTERN</key>
				<string>NO</string>
				<key>GCC_TREAT_WARNINGS_AS_ERRORS</key>
				<string>YES</string>
				<key>GCC_WARN_64_TO_32_BIT_CONVERSION</key>
				<string>YES</string>
				<key>GCC_WARN_ABOUT_RETURN_TYPE</key>
				<string>YES_ERROR</string>
				<key>GCC_WARN_UNDECLARED_SELECTOR</key>
				<string>YES</string>
				<key>GCC_WARN_UNINITIALIZED_AUTOS</key>
				<string>YES</string>
				<key>GCC_WARN_UNUSED_FUNCTION</key>
				<string>YES</string>
				<key>GCC_WARN_UNUSED_VARIABLE</key>
				<string>YES</string>
				<key>IPHONEOS_DEPLOYMENT_TARGET</key>
				<string>7.0</string>
				<key>ONLY_ACTIVE_ARCH</key>
				<string>YES</string>
				<key>SDKROOT</key>
				<string>iphoneos</string>
			</dict>
			<key>isa</key>
			<string>XCBuildConfiguration</string>
			<key>name</key>
			<string>Debug</string>
		</dict>
		<key>62335E0618463E570053BD19</key>
		<dict>
			<key>buildSettings</key>
			<dict>
				<key>ALWAYS_SEARCH_USER_PATHS</key>
				<string>NO</string>
				<key>ARCHS</key>
				<string>$(ARCHS_STANDARD_INCLUDING_64_BIT)</string>
				<key>CLANG_CXX_LANGUAGE_STANDARD</key>
				<string>gnu++0x</string>
				<key>CLANG_CXX_LIBRARY</key>
				<string>libc++</string>
				<key>CLANG_ENABLE_MODULES</key>
				<string>YES</string>
				<key>CLANG_ENABLE_OBJC_ARC</key>
				<string>YES</string>
				<key>CLANG_WARN_BOOL_CONVERSION</key>
				<string>YES</string>
				<key>CLANG_WARN_CONSTANT_CONVERSION</key>
				<string>YES</string>
				<key>CLANG_WARN_DIRECT_OBJC_ISA_USAGE</key>
				<string>YES_ERROR</string>
				<key>CLANG_WARN_EMPTY_BODY</key>
				<string>YES</string>
				<key>CLANG_WARN_ENUM_CONVERSION</key>
				<string>YES</string>
				<key>CLANG_WARN_INT_CONVERSION</key>
				<string>YES</string>
				<key>CLANG_WARN_OBJC_ROOT_CLASS</key>
				<string>YES_ERROR</string>
				<key>CLANG_WARN__DUPLICATE_METHOD_MATCH</key>
				<string>YES</string>
				<key>COPY_PHASE_STRIP</key>
				<string>YES</string>
				<key>ENABLE_NS_ASSERTIONS</key>
				<string>NO</string>
				<key>GCC_C_LANGUAGE_STANDARD</key>
				<string>gnu99</string>
				<key>GCC_TREAT_WARNINGS_AS_ERRORS</key>
				<string>YES</string>
				<key>GCC_WARN_64_TO_32_BIT_CONVERSION</key>
				<string>YES</string>
				<key>GCC_WARN_ABOUT_RETURN_TYPE</key>
				<string>YES_ERROR</string>
				<key>GCC_WARN_UNDECLARED_SELECTOR</key>
				<string>YES</string>
				<key>GCC_WARN_UNINITIALIZED_AUTOS</key>
				<string>YES</string>
				<key>GCC_WARN_UNUSED_FUNCTION</key>
				<string>YES</string>
				<key>GCC_WARN_UNUSED_VARIABLE</key>
				<string>YES</string>
				<key>IPHONEOS_DEPLOYMENT_TARGET</key>
				<string>7.0</string>
				<key>SDKROOT</key>
				<string>iphoneos</string>
				<key>VALIDATE_PRODUCT</key>
				<string>YES</string>
			</dict>
			<key>isa</key>
			<string>XCBuildConfiguration</string>
			<key>name</key>
			<string>Release</string>
		</dict>
		<key>62335E0718463E570053BD19</key>
		<dict>
			<key>buildConfigurations</key>
			<array>
				<string>62335E0818463E570053BD19</string>
				<string>62335E0918463E570053BD19</string>
			</array>
			<key>defaultConfigurationIsVisible</key>
			<string>0</string>
			<key>defaultConfigurationName</key>
			<string>Release</string>
			<key>isa</key>
			<string>XCConfigurationList</string>
		</dict>
		<key>62335E0818463E570053BD19</key>
		<dict>
			<key>buildSettings</key>
			<dict>
				<key>DSTROOT</key>
				<string>/tmp/GCMAggregatingTableViewDataSource.dst</string>
				<key>GCC_PRECOMPILE_PREFIX_HEADER</key>
				<string>YES</string>
				<key>GCC_PREFIX_HEADER</key>
				<string>GCMAggregatingTableViewDataSource/GCMAggregatingTableViewDataSource-Prefix.pch</string>
				<key>OTHER_LDFLAGS</key>
				<string>-ObjC</string>
				<key>PRODUCT_NAME</key>
				<string>$(TARGET_NAME)</string>
				<key>SKIP_INSTALL</key>
				<string>YES</string>
			</dict>
			<key>isa</key>
			<string>XCBuildConfiguration</string>
			<key>name</key>
			<string>Debug</string>
		</dict>
		<key>62335E0918463E570053BD19</key>
		<dict>
			<key>buildSettings</key>
			<dict>
				<key>DSTROOT</key>
				<string>/tmp/GCMAggregatingTableViewDataSource.dst</string>
				<key>GCC_PRECOMPILE_PREFIX_HEADER</key>
				<string>YES</string>
				<key>GCC_PREFIX_HEADER</key>
				<string>GCMAggregatingTableViewDataSource/GCMAggregatingTableViewDataSource-Prefix.pch</string>
				<key>OTHER_LDFLAGS</key>
				<string>-ObjC</string>
				<key>PRODUCT_NAME</key>
				<string>$(TARGET_NAME)</string>
				<key>SKIP_INSTALL</key>
				<string>YES</string>
			</dict>
			<key>isa</key>
			<string>XCBuildConfiguration</string>
			<key>name</key>
			<string>Release</string>
		</dict>
		<key>62335E0D18463F1D0053BD19</key>
		<dict>
			<key>buildActionMask</key>
			<string>2147483647</string>
			<key>files</key>
			<array>
				<string>AB8EB9521868ABDA00A3F6B6</string>
				<string>AB8EB9531868ABDA00A3F6B6</string>
			</array>
			<key>isa</key>
			<string>PBXSourcesBuildPhase</string>
			<key>runOnlyForDeploymentPostprocessing</key>
			<string>0</string>
		</dict>
		<key>62335E0E18463F1D0053BD19</key>
		<dict>
			<key>buildActionMask</key>
			<string>2147483647</string>
			<key>files</key>
			<array>
				<string>62335E24184642460053BD19</string>
				<string>62335E1518463F1D0053BD19</string>
				<string>62335E1418463F1D0053BD19</string>
				<string>E0A1BA4F9C55405C9E2E5E9F</string>
			</array>
			<key>isa</key>
			<string>PBXFrameworksBuildPhase</string>
			<key>runOnlyForDeploymentPostprocessing</key>
			<string>0</string>
		</dict>
		<key>62335E0F18463F1D0053BD19</key>
		<dict>
			<key>buildActionMask</key>
			<string>2147483647</string>
			<key>files</key>
			<array>
				<string>62335E1B18463F1D0053BD19</string>
			</array>
			<key>isa</key>
			<string>PBXResourcesBuildPhase</string>
			<key>runOnlyForDeploymentPostprocessing</key>
			<string>0</string>
		</dict>
		<key>62335E1018463F1D0053BD19</key>
		<dict>
			<key>buildConfigurationList</key>
			<string>62335E2118463F1E0053BD19</string>
			<key>buildPhases</key>
			<array>
				<string>5601E5B23EBE4044A9E10CBD</string>
				<string>62335E0D18463F1D0053BD19</string>
				<string>62335E0E18463F1D0053BD19</string>
				<string>62335E0F18463F1D0053BD19</string>
				<string>41A9D8F3B1AD4030A27D0B77</string>
			</array>
			<key>buildRules</key>
			<array/>
			<key>dependencies</key>
			<array>
				<string>62335E2018463F1E0053BD19</string>
			</array>
			<key>isa</key>
			<string>PBXNativeTarget</string>
			<key>name</key>
			<string>GCMAggregatingTableViewDataSourceTests</string>
			<key>productName</key>
			<string>GCMAggregatingTableViewDataSourceTests</string>
			<key>productReference</key>
			<string>62335E1118463F1D0053BD19</string>
			<key>productType</key>
			<string>com.apple.product-type.bundle.unit-test</string>
		</dict>
		<key>62335E1118463F1D0053BD19</key>
		<dict>
			<key>explicitFileType</key>
			<string>wrapper.cfbundle</string>
			<key>includeInIndex</key>
			<string>0</string>
			<key>isa</key>
			<string>PBXFileReference</string>
			<key>path</key>
			<string>GCMAggregatingTableViewDataSourceTests.xctest</string>
			<key>sourceTree</key>
			<string>BUILT_PRODUCTS_DIR</string>
		</dict>
		<key>62335E1418463F1D0053BD19</key>
		<dict>
			<key>fileRef</key>
			<string>62335DE718463E570053BD19</string>
			<key>isa</key>
			<string>PBXBuildFile</string>
		</dict>
		<key>62335E1518463F1D0053BD19</key>
		<dict>
			<key>fileRef</key>
			<string>62335DF818463E570053BD19</string>
			<key>isa</key>
			<string>PBXBuildFile</string>
		</dict>
		<key>62335E1618463F1D0053BD19</key>
		<dict>
			<key>children</key>
			<array>
				<string>AB8EB9501868ABDA00A3F6B6</string>
				<string>AB8EB9511868ABDA00A3F6B6</string>
				<string>62335E1718463F1D0053BD19</string>
			</array>
			<key>isa</key>
			<string>PBXGroup</string>
			<key>path</key>
			<string>GCMAggregatingTableViewDataSourceTests</string>
			<key>sourceTree</key>
			<string>&lt;group&gt;</string>
		</dict>
		<key>62335E1718463F1D0053BD19</key>
		<dict>
			<key>children</key>
			<array>
				<string>62335E1818463F1D0053BD19</string>
				<string>62335E1918463F1D0053BD19</string>
				<string>62335E1E18463F1D0053BD19</string>
			</array>
			<key>isa</key>
			<string>PBXGroup</string>
			<key>name</key>
			<string>Supporting Files</string>
			<key>sourceTree</key>
			<string>&lt;group&gt;</string>
		</dict>
		<key>62335E1818463F1D0053BD19</key>
		<dict>
			<key>isa</key>
			<string>PBXFileReference</string>
			<key>lastKnownFileType</key>
			<string>text.plist.xml</string>
			<key>path</key>
			<string>GCMAggregatingTableViewDataSourceTests-Info.plist</string>
			<key>sourceTree</key>
			<string>&lt;group&gt;</string>
		</dict>
		<key>62335E1918463F1D0053BD19</key>
		<dict>
			<key>children</key>
			<array>
				<string>62335E1A18463F1D0053BD19</string>
			</array>
			<key>isa</key>
			<string>PBXVariantGroup</string>
			<key>name</key>
			<string>InfoPlist.strings</string>
			<key>sourceTree</key>
			<string>&lt;group&gt;</string>
		</dict>
		<key>62335E1A18463F1D0053BD19</key>
		<dict>
			<key>isa</key>
			<string>PBXFileReference</string>
			<key>lastKnownFileType</key>
			<string>text.plist.strings</string>
			<key>name</key>
			<string>en</string>
			<key>path</key>
			<string>en.lproj/InfoPlist.strings</string>
			<key>sourceTree</key>
			<string>&lt;group&gt;</string>
		</dict>
		<key>62335E1B18463F1D0053BD19</key>
		<dict>
			<key>fileRef</key>
			<string>62335E1918463F1D0053BD19</string>
			<key>isa</key>
			<string>PBXBuildFile</string>
		</dict>
		<key>62335E1E18463F1D0053BD19</key>
		<dict>
			<key>isa</key>
			<string>PBXFileReference</string>
			<key>lastKnownFileType</key>
			<string>sourcecode.c.h</string>
			<key>path</key>
			<string>GCMAggregatingTableViewDataSourceTests-Prefix.pch</string>
			<key>sourceTree</key>
			<string>&lt;group&gt;</string>
		</dict>
		<key>62335E1F18463F1E0053BD19</key>
		<dict>
			<key>containerPortal</key>
			<string>62335DDC18463E570053BD19</string>
			<key>isa</key>
			<string>PBXContainerItemProxy</string>
			<key>proxyType</key>
			<string>1</string>
			<key>remoteGlobalIDString</key>
			<string>62335DE318463E570053BD19</string>
			<key>remoteInfo</key>
			<string>GCMAggregatingTableViewDataSource</string>
		</dict>
		<key>62335E2018463F1E0053BD19</key>
		<dict>
			<key>isa</key>
			<string>PBXTargetDependency</string>
			<key>target</key>
			<string>62335DE318463E570053BD19</string>
			<key>targetProxy</key>
			<string>62335E1F18463F1E0053BD19</string>
		</dict>
		<key>62335E2118463F1E0053BD19</key>
		<dict>
			<key>buildConfigurations</key>
			<array>
				<string>62335E2218463F1E0053BD19</string>
				<string>62335E2318463F1E0053BD19</string>
			</array>
			<key>defaultConfigurationIsVisible</key>
			<string>0</string>
			<key>defaultConfigurationName</key>
			<string>Release</string>
			<key>isa</key>
			<string>XCConfigurationList</string>
		</dict>
		<key>62335E2218463F1E0053BD19</key>
		<dict>
			<key>baseConfigurationReference</key>
			<string>68FEFA37097EAC58550F6056</string>
			<key>buildSettings</key>
			<dict>
				<key>ARCHS</key>
				<string>$(ARCHS_STANDARD_INCLUDING_64_BIT)</string>
				<key>FRAMEWORK_SEARCH_PATHS</key>
				<array>
					<string>$(SDKROOT)/Developer/Library/Frameworks</string>
					<string>$(inherited)</string>
					<string>$(DEVELOPER_FRAMEWORKS_DIR)</string>
				</array>
				<key>GCC_PRECOMPILE_PREFIX_HEADER</key>
				<string>YES</string>
				<key>GCC_PREFIX_HEADER</key>
				<string>GCMAggregatingTableViewDataSourceTests/GCMAggregatingTableViewDataSourceTests-Prefix.pch</string>
				<key>GCC_PREPROCESSOR_DEFINITIONS</key>
				<array>
					<string>DEBUG=1</string>
					<string>$(inherited)</string>
				</array>
				<key>INFOPLIST_FILE</key>
				<string>GCMAggregatingTableViewDataSourceTests/GCMAggregatingTableViewDataSourceTests-Info.plist</string>
				<key>PRODUCT_NAME</key>
				<string>$(TARGET_NAME)</string>
			</dict>
			<key>isa</key>
			<string>XCBuildConfiguration</string>
			<key>name</key>
			<string>Debug</string>
		</dict>
		<key>62335E2318463F1E0053BD19</key>
		<dict>
			<key>baseConfigurationReference</key>
			<string>21CFA1D275F1AB04F6DC8F67</string>
			<key>buildSettings</key>
			<dict>
				<key>ARCHS</key>
				<string>$(ARCHS_STANDARD_INCLUDING_64_BIT)</string>
				<key>FRAMEWORK_SEARCH_PATHS</key>
				<array>
					<string>$(SDKROOT)/Developer/Library/Frameworks</string>
					<string>$(inherited)</string>
					<string>$(DEVELOPER_FRAMEWORKS_DIR)</string>
				</array>
				<key>GCC_PRECOMPILE_PREFIX_HEADER</key>
				<string>YES</string>
				<key>GCC_PREFIX_HEADER</key>
				<string>GCMAggregatingTableViewDataSourceTests/GCMAggregatingTableViewDataSourceTests-Prefix.pch</string>
				<key>INFOPLIST_FILE</key>
				<string>GCMAggregatingTableViewDataSourceTests/GCMAggregatingTableViewDataSourceTests-Info.plist</string>
				<key>PRODUCT_NAME</key>
				<string>$(TARGET_NAME)</string>
			</dict>
			<key>isa</key>
			<string>XCBuildConfiguration</string>
			<key>name</key>
			<string>Release</string>
		</dict>
		<key>62335E24184642460053BD19</key>
		<dict>
			<key>fileRef</key>
			<string>62335DE418463E570053BD19</string>
			<key>isa</key>
			<string>PBXBuildFile</string>
		</dict>
		<key>68FEFA37097EAC58550F6056</key>
		<dict>
			<key>includeInIndex</key>
			<string>1</string>
			<key>isa</key>
			<string>PBXFileReference</string>
			<key>lastKnownFileType</key>
			<string>text.xcconfig</string>
			<key>name</key>
			<string>Pods-GCMAggregatingTableViewDataSourceTests.debug.xcconfig</string>
			<key>path</key>
			<string>../Pods/Target Support Files/Pods-GCMAggregatingTableViewDataSourceTests/Pods-GCMAggregatingTableViewDataSourceTests.debug.xcconfig</string>
			<key>sourceTree</key>
			<string>&lt;group&gt;</string>
		</dict>
		<key>AB8EB94A1868ABC200A3F6B6</key>
		<dict>
			<key>fileEncoding</key>
			<string>4</string>
			<key>isa</key>
			<string>PBXFileReference</string>
			<key>lastKnownFileType</key>
			<string>sourcecode.c.h</string>
			<key>path</key>
			<string>GCMAggregatedTableViewWrapper.h</string>
			<key>sourceTree</key>
			<string>&lt;group&gt;</string>
		</dict>
		<key>AB8EB94B1868ABC200A3F6B6</key>
		<dict>
			<key>fileEncoding</key>
			<string>4</string>
			<key>isa</key>
			<string>PBXFileReference</string>
			<key>lastKnownFileType</key>
			<string>sourcecode.c.objc</string>
			<key>path</key>
			<string>GCMAggregatedTableViewWrapper.m</string>
			<key>sourceTree</key>
			<string>&lt;group&gt;</string>
		</dict>
		<key>AB8EB94C1868ABC200A3F6B6</key>
		<dict>
			<key>fileEncoding</key>
			<string>4</string>
			<key>isa</key>
			<string>PBXFileReference</string>
			<key>lastKnownFileType</key>
			<string>sourcecode.c.h</string>
			<key>path</key>
			<string>GCMAggregatingTableViewDataSource.h</string>
			<key>sourceTree</key>
			<string>&lt;group&gt;</string>
		</dict>
		<key>AB8EB94D1868ABC200A3F6B6</key>
		<dict>
			<key>fileEncoding</key>
			<string>4</string>
			<key>isa</key>
			<string>PBXFileReference</string>
			<key>lastKnownFileType</key>
			<string>sourcecode.c.objc</string>
			<key>path</key>
			<string>GCMAggregatingTableViewDataSource.m</string>
			<key>sourceTree</key>
			<string>&lt;group&gt;</string>
		</dict>
		<key>AB8EB94E1868ABC200A3F6B6</key>
		<dict>
			<key>fileRef</key>
			<string>AB8EB94B1868ABC200A3F6B6</string>
			<key>isa</key>
			<string>PBXBuildFile</string>
		</dict>
		<key>AB8EB94F1868ABC200A3F6B6</key>
		<dict>
			<key>fileRef</key>
			<string>AB8EB94D1868ABC200A3F6B6</string>
			<key>isa</key>
			<string>PBXBuildFile</string>
		</dict>
		<key>AB8EB9501868ABDA00A3F6B6</key>
		<dict>
			<key>fileEncoding</key>
			<string>4</string>
			<key>isa</key>
			<string>PBXFileReference</string>
			<key>lastKnownFileType</key>
			<string>sourcecode.c.objc</string>
			<key>path</key>
			<string>GCMAggregatedTableViewWrapperTests.m</string>
			<key>sourceTree</key>
			<string>&lt;group&gt;</string>
		</dict>
		<key>AB8EB9511868ABDA00A3F6B6</key>
		<dict>
			<key>fileEncoding</key>
			<string>4</string>
			<key>isa</key>
			<string>PBXFileReference</string>
			<key>lastKnownFileType</key>
			<string>sourcecode.c.objc</string>
			<key>path</key>
			<string>GCMAggregatingTableViewDataSourceTests.m</string>
			<key>sourceTree</key>
			<string>&lt;group&gt;</string>
		</dict>
		<key>AB8EB9521868ABDA00A3F6B6</key>
		<dict>
			<key>fileRef</key>
			<string>AB8EB9501868ABDA00A3F6B6</string>
			<key>isa</key>
			<string>PBXBuildFile</string>
		</dict>
		<key>AB8EB9531868ABDA00A3F6B6</key>
		<dict>
			<key>fileRef</key>
			<string>AB8EB9511868ABDA00A3F6B6</string>
			<key>isa</key>
			<string>PBXBuildFile</string>
		</dict>
		<key>E0A1BA4F9C55405C9E2E5E9F</key>
		<dict>
			<key>fileRef</key>
			<string>1019A5D92F994DF59D182BEE</string>
			<key>isa</key>
			<string>PBXBuildFile</string>
		</dict>
		<key>F6105E2FFFBB1F4CD1519FED</key>
		<dict>
			<key>children</key>
			<array>
				<string>68FEFA37097EAC58550F6056</string>
				<string>21CFA1D275F1AB04F6DC8F67</string>
			</array>
			<key>isa</key>
			<string>PBXGroup</string>
			<key>name</key>
			<string>Pods</string>
			<key>sourceTree</key>
			<string>&lt;group&gt;</string>
		</dict>
	</dict>
	<key>rootObject</key>
	<string>62335DDC18463E570053BD19</string>
</dict>
</plist>
